
Microsoft Visual Studio Solution File, Format Version 12.00
# Visual Studio 15
VisualStudioVersion = 15.0.28010.2019
MinimumVisualStudioVersion = 10.0.40219.1
Project("{FAE04EC0-301F-11D3-BF4B-00C04F79EFBC}") = "triangle", "triangle\triangle.csproj", "{C4F47358-DB94-4839-B3BE-0322F7A8D029}"
EndProject
Project("{54435603-DBB4-11D2-8724-00A0C9A8B90C}") = "Setup1", "Setup1\Setup1.vdproj", "{7CBE7A52-1E5B-4558-8D18-5356FC271521}"
EndProject
Global
	GlobalSection(SolutionConfigurationPlatforms) = preSolution
		Debug|Any CPU = Debug|Any CPU
		Release|Any CPU = Release|Any CPU
	EndGlobalSection
	GlobalSection(ProjectConfigurationPlatforms) = postSolution
		{C4F47358-DB94-4839-B3BE-0322F7A8D029}.Debug|Any CPU.ActiveCfg = Debug|Any CPU
		{C4F47358-DB94-4839-B3BE-0322F7A8D029}.Debug|Any CPU.Build.0 = Debug|Any CPU
		{C4F47358-DB94-4839-B3BE-0322F7A8D029}.Release|Any CPU.ActiveCfg = Release|Any CPU
		{C4F47358-DB94-4839-B3BE-0322F7A8D029}.Release|Any CPU.Build.0 = Release|Any CPU
		{7CBE7A52-1E5B-4558-8D18-5356FC271521}.Debug|Any CPU.ActiveCfg = Debug
		{7CBE7A52-1E5B-4558-8D18-5356FC271521}.Release|Any CPU.ActiveCfg = Release
	EndGlobalSection
	GlobalSection(SolutionProperties) = preSolution
		HideSolutionNode = FALSE
	EndGlobalSection
	GlobalSection(ExtensibilityGlobals) = postSolution
		SolutionGuid = {696E7B27-0721-4FCB-9AA9-C4E778A78745}
	EndGlobalSection
EndGlobal
